// !$*UTF8*$!
{
	archiveVersion = 1;
	classes = {
	};
	objectVersion = 56;
	objects = {

/* Begin PBXBuildFile section */
		6B01C3E82AA0F31E00E193F3 /* iMineApp.swift in Sources */ = {isa = PBXBuildFile; fileRef = 6B01C3E72AA0F31E00E193F3 /* iMineApp.swift */; };
		6B01C3EA2AA0F31E00E193F3 /* MainWindow.swift in Sources */ = {isa = PBXBuildFile; fileRef = 6B01C3E92AA0F31E00E193F3 /* MainWindow.swift */; };
		6B01C3EC2AA0F31F00E193F3 /* Assets.xcassets in Resources */ = {isa = PBXBuildFile; fileRef = 6B01C3EB2AA0F31F00E193F3 /* Assets.xcassets */; };
		6B01C3EF2AA0F31F00E193F3 /* Preview Assets.xcassets in Resources */ = {isa = PBXBuildFile; fileRef = 6B01C3EE2AA0F31F00E193F3 /* Preview Assets.xcassets */; };
		6B01C3F72AA104B300E193F3 /* SideBar.swift in Sources */ = {isa = PBXBuildFile; fileRef = 6B01C3F62AA104B300E193F3 /* SideBar.swift */; };
		6B01C3FB2AA1053B00E193F3 /* Menus.swift in Sources */ = {isa = PBXBuildFile; fileRef = 6B01C3FA2AA1053B00E193F3 /* Menus.swift */; };
		6B01C3FD2AA1082200E193F3 /* Toolbar.swift in Sources */ = {isa = PBXBuildFile; fileRef = 6B01C3FC2AA1082200E193F3 /* Toolbar.swift */; };
		6B01C4002AA11F6700E193F3 /* FileImporter.swift in Sources */ = {isa = PBXBuildFile; fileRef = 6B01C3FF2AA11F6700E193F3 /* FileImporter.swift */; };
		6B01C4022AA1E9FE00E193F3 /* CenterView.swift in Sources */ = {isa = PBXBuildFile; fileRef = 6B01C4012AA1E9FE00E193F3 /* CenterView.swift */; };
		6B01C4042AA31A1600E193F3 /* CenterViewState.swift in Sources */ = {isa = PBXBuildFile; fileRef = 6B01C4032AA31A1600E193F3 /* CenterViewState.swift */; };
		6B80B3662AA34A10005C2899 /* DfData.swift in Sources */ = {isa = PBXBuildFile; fileRef = 6B80B3652AA34A10005C2899 /* DfData.swift */; };
		6B80B3682AADEDA2005C2899 /* MetadataView.swift in Sources */ = {isa = PBXBuildFile; fileRef = 6B80B3672AADEDA2005C2899 /* MetadataView.swift */; };
		6B80B36A2AAF626A005C2899 /* DfPreview.swift in Sources */ = {isa = PBXBuildFile; fileRef = 6B80B3692AAF626A005C2899 /* DfPreview.swift */; };
		6B80B36C2AAFA6E8005C2899 /* DateConvertSheet.swift in Sources */ = {isa = PBXBuildFile; fileRef = 6B80B36B2AAFA6E8005C2899 /* DateConvertSheet.swift */; };
/* End PBXBuildFile section */

/* Begin PBXFileReference section */
		6B01C3E42AA0F31E00E193F3 /* iMine.app */ = {isa = PBXFileReference; explicitFileType = wrapper.application; includeInIndex = 0; path = iMine.app; sourceTree = BUILT_PRODUCTS_DIR; };
		6B01C3E72AA0F31E00E193F3 /* iMineApp.swift */ = {isa = PBXFileReference; lastKnownFileType = sourcecode.swift; path = iMineApp.swift; sourceTree = "<group>"; };
		6B01C3E92AA0F31E00E193F3 /* MainWindow.swift */ = {isa = PBXFileReference; lastKnownFileType = sourcecode.swift; path = MainWindow.swift; sourceTree = "<group>"; };
		6B01C3EB2AA0F31F00E193F3 /* Assets.xcassets */ = {isa = PBXFileReference; lastKnownFileType = folder.assetcatalog; path = Assets.xcassets; sourceTree = "<group>"; };
		6B01C3EE2AA0F31F00E193F3 /* Preview Assets.xcassets */ = {isa = PBXFileReference; lastKnownFileType = folder.assetcatalog; path = "Preview Assets.xcassets"; sourceTree = "<group>"; };
		6B01C3F02AA0F31F00E193F3 /* iMine.entitlements */ = {isa = PBXFileReference; lastKnownFileType = text.plist.entitlements; path = iMine.entitlements; sourceTree = "<group>"; };
		6B01C3F62AA104B300E193F3 /* SideBar.swift */ = {isa = PBXFileReference; lastKnownFileType = sourcecode.swift; path = SideBar.swift; sourceTree = "<group>"; };
		6B01C3FA2AA1053B00E193F3 /* Menus.swift */ = {isa = PBXFileReference; lastKnownFileType = sourcecode.swift; path = Menus.swift; sourceTree = "<group>"; };
		6B01C3FC2AA1082200E193F3 /* Toolbar.swift */ = {isa = PBXFileReference; lastKnownFileType = sourcecode.swift; path = Toolbar.swift; sourceTree = "<group>"; };
		6B01C3FF2AA11F6700E193F3 /* FileImporter.swift */ = {isa = PBXFileReference; lastKnownFileType = sourcecode.swift; path = FileImporter.swift; sourceTree = "<group>"; };
		6B01C4012AA1E9FE00E193F3 /* CenterView.swift */ = {isa = PBXFileReference; lastKnownFileType = sourcecode.swift; path = CenterView.swift; sourceTree = "<group>"; };
		6B01C4032AA31A1600E193F3 /* CenterViewState.swift */ = {isa = PBXFileReference; lastKnownFileType = sourcecode.swift; path = CenterViewState.swift; sourceTree = "<group>"; };
		6B80B3652AA34A10005C2899 /* DfData.swift */ = {isa = PBXFileReference; lastKnownFileType = sourcecode.swift; path = DfData.swift; sourceTree = "<group>"; };
		6B80B3672AADEDA2005C2899 /* MetadataView.swift */ = {isa = PBXFileReference; lastKnownFileType = sourcecode.swift; path = MetadataView.swift; sourceTree = "<group>"; };
		6B80B3692AAF626A005C2899 /* DfPreview.swift */ = {isa = PBXFileReference; lastKnownFileType = sourcecode.swift; path = DfPreview.swift; sourceTree = "<group>"; };
		6B80B36B2AAFA6E8005C2899 /* DateConvertSheet.swift */ = {isa = PBXFileReference; lastKnownFileType = sourcecode.swift; path = DateConvertSheet.swift; sourceTree = "<group>"; };
/* End PBXFileReference section */

/* Begin PBXFrameworksBuildPhase section */
		6B01C3E12AA0F31E00E193F3 /* Frameworks */ = {
			isa = PBXFrameworksBuildPhase;
			buildActionMask = 2147483647;
			files = (
			);
			runOnlyForDeploymentPostprocessing = 0;
		};
/* End PBXFrameworksBuildPhase section */

/* Begin PBXGroup section */
		6B01C3DB2AA0F31E00E193F3 = {
			isa = PBXGroup;
			children = (
				6B01C3E62AA0F31E00E193F3 /* iMine */,
				6B01C3E52AA0F31E00E193F3 /* Products */,
			);
			sourceTree = "<group>";
		};
		6B01C3E52AA0F31E00E193F3 /* Products */ = {
			isa = PBXGroup;
			children = (
				6B01C3E42AA0F31E00E193F3 /* iMine.app */,
			);
			name = Products;
			sourceTree = "<group>";
		};
		6B01C3E62AA0F31E00E193F3 /* iMine */ = {
			isa = PBXGroup;
			children = (
				6BC391352AB24EE100B671D8 /* Utils */,
				6B01C3FE2AA11F5100E193F3 /* data */,
				6B01C3F92AA104D700E193F3 /* models */,
				6B01C3F82AA104CD00E193F3 /* views */,
				6B01C3E72AA0F31E00E193F3 /* iMineApp.swift */,
				6B01C3EB2AA0F31F00E193F3 /* Assets.xcassets */,
				6B01C3F02AA0F31F00E193F3 /* iMine.entitlements */,
				6B01C3ED2AA0F31F00E193F3 /* Preview Content */,
			);
			path = iMine;
			sourceTree = "<group>";
		};
		6B01C3ED2AA0F31F00E193F3 /* Preview Content */ = {
			isa = PBXGroup;
			children = (
				6B01C3EE2AA0F31F00E193F3 /* Preview Assets.xcassets */,
			);
			path = "Preview Content";
			sourceTree = "<group>";
		};
		6B01C3F82AA104CD00E193F3 /* views */ = {
			isa = PBXGroup;
			children = (
				6B01C3E92AA0F31E00E193F3 /* MainWindow.swift */,
				6B01C3F62AA104B300E193F3 /* SideBar.swift */,
				6B01C3FA2AA1053B00E193F3 /* Menus.swift */,
				6B01C3FC2AA1082200E193F3 /* Toolbar.swift */,
				6B01C4012AA1E9FE00E193F3 /* CenterView.swift */,
				6B80B3672AADEDA2005C2899 /* MetadataView.swift */,
				6B80B3692AAF626A005C2899 /* DfPreview.swift */,
				6B80B36B2AAFA6E8005C2899 /* DateConvertSheet.swift */,
			);
			path = views;
			sourceTree = "<group>";
		};
		6B01C3F92AA104D700E193F3 /* models */ = {
			isa = PBXGroup;
			children = (
				6B01C4032AA31A1600E193F3 /* CenterViewState.swift */,
				6B80B3652AA34A10005C2899 /* DfData.swift */,
			);
			path = models;
			sourceTree = "<group>";
		};
		6B01C3FE2AA11F5100E193F3 /* data */ = {
			isa = PBXGroup;
			children = (
			);
			path = data;
			sourceTree = "<group>";
		};
		6BC391352AB24EE100B671D8 /* Utils */ = {
			isa = PBXGroup;
			children = (
				6B01C3FF2AA11F6700E193F3 /* FileImporter.swift */,
			);
			path = Utils;
			sourceTree = "<group>";
		};
/* End PBXGroup section */

/* Begin PBXNativeTarget section */
		6B01C3E32AA0F31E00E193F3 /* iMine */ = {
			isa = PBXNativeTarget;
			buildConfigurationList = 6B01C3F32AA0F31F00E193F3 /* Build configuration list for PBXNativeTarget "iMine" */;
			buildPhases = (
				6B01C3E02AA0F31E00E193F3 /* Sources */,
				6B01C3E12AA0F31E00E193F3 /* Frameworks */,
				6B01C3E22AA0F31E00E193F3 /* Resources */,
			);
			buildRules = (
			);
			dependencies = (
			);
			name = iMine;
			productName = iMine;
			productReference = 6B01C3E42AA0F31E00E193F3 /* iMine.app */;
			productType = "com.apple.product-type.application";
		};
/* End PBXNativeTarget section */

/* Begin PBXProject section */
		6B01C3DC2AA0F31E00E193F3 /* Project object */ = {
			isa = PBXProject;
			attributes = {
				BuildIndependentTargetsInParallel = 1;
				LastSwiftUpdateCheck = 1500;
				LastUpgradeCheck = 1500;
				TargetAttributes = {
					6B01C3E32AA0F31E00E193F3 = {
						CreatedOnToolsVersion = 15.0;
					};
				};
			};
			buildConfigurationList = 6B01C3DF2AA0F31E00E193F3 /* Build configuration list for PBXProject "iMine" */;
			compatibilityVersion = "Xcode 14.0";
			developmentRegion = en;
			hasScannedForEncodings = 0;
			knownRegions = (
				en,
				Base,
			);
			mainGroup = 6B01C3DB2AA0F31E00E193F3;
			productRefGroup = 6B01C3E52AA0F31E00E193F3 /* Products */;
			projectDirPath = "";
			projectRoot = "";
			targets = (
				6B01C3E32AA0F31E00E193F3 /* iMine */,
			);
		};
/* End PBXProject section */

/* Begin PBXResourcesBuildPhase section */
		6B01C3E22AA0F31E00E193F3 /* Resources */ = {
			isa = PBXResourcesBuildPhase;
			buildActionMask = 2147483647;
			files = (
				6B01C3EF2AA0F31F00E193F3 /* Preview Assets.xcassets in Resources */,
				6B01C3EC2AA0F31F00E193F3 /* Assets.xcassets in Resources */,
			);
			runOnlyForDeploymentPostprocessing = 0;
		};
/* End PBXResourcesBuildPhase section */

/* Begin PBXSourcesBuildPhase section */
		6B01C3E02AA0F31E00E193F3 /* Sources */ = {
			isa = PBXSourcesBuildPhase;
			buildActionMask = 2147483647;
			files = (
				6B01C3EA2AA0F31E00E193F3 /* MainWindow.swift in Sources */,
				6B80B36C2AAFA6E8005C2899 /* DateConvertSheet.swift in Sources */,
				6B01C4022AA1E9FE00E193F3 /* CenterView.swift in Sources */,
				6B80B3662AA34A10005C2899 /* DfData.swift in Sources */,
				6B01C3F72AA104B300E193F3 /* SideBar.swift in Sources */,
				6B01C3FD2AA1082200E193F3 /* Toolbar.swift in Sources */,
				6B80B3682AADEDA2005C2899 /* MetadataView.swift in Sources */,
				6B80B36A2AAF626A005C2899 /* DfPreview.swift in Sources */,
				6B01C3FB2AA1053B00E193F3 /* Menus.swift in Sources */,
				6B01C3E82AA0F31E00E193F3 /* iMineApp.swift in Sources */,
				6B01C4042AA31A1600E193F3 /* CenterViewState.swift in Sources */,
				6B01C4002AA11F6700E193F3 /* FileImporter.swift in Sources */,
			);
			runOnlyForDeploymentPostprocessing = 0;
		};
/* End PBXSourcesBuildPhase section */

/* Begin XCBuildConfiguration section */
		6B01C3F12AA0F31F00E193F3 /* Debug */ = {
			isa = XCBuildConfiguration;
			buildSettings = {
				ALWAYS_SEARCH_USER_PATHS = NO;
				ASSETCATALOG_COMPILER_GENERATE_SWIFT_ASSET_SYMBOL_EXTENSIONS = YES;
				CLANG_ANALYZER_NONNULL = YES;
				CLANG_ANALYZER_NUMBER_OBJECT_CONVERSION = YES_AGGRESSIVE;
				CLANG_CXX_LANGUAGE_STANDARD = "gnu++20";
				CLANG_ENABLE_MODULES = YES;
				CLANG_ENABLE_OBJC_ARC = YES;
				CLANG_ENABLE_OBJC_WEAK = YES;
				CLANG_WARN_BLOCK_CAPTURE_AUTORELEASING = YES;
				CLANG_WARN_BOOL_CONVERSION = YES;
				CLANG_WARN_COMMA = YES;
				CLANG_WARN_CONSTANT_CONVERSION = YES;
				CLANG_WARN_DEPRECATED_OBJC_IMPLEMENTATIONS = YES;
				CLANG_WARN_DIRECT_OBJC_ISA_USAGE = YES_ERROR;
				CLANG_WARN_DOCUMENTATION_COMMENTS = YES;
				CLANG_WARN_EMPTY_BODY = YES;
				CLANG_WARN_ENUM_CONVERSION = YES;
				CLANG_WARN_INFINITE_RECURSION = YES;
				CLANG_WARN_INT_CONVERSION = YES;
				CLANG_WARN_NON_LITERAL_NULL_CONVERSION = YES;
				CLANG_WARN_OBJC_IMPLICIT_RETAIN_SELF = YES;
				CLANG_WARN_OBJC_LITERAL_CONVERSION = YES;
				CLANG_WARN_OBJC_ROOT_CLASS = YES_ERROR;
				CLANG_WARN_QUOTED_INCLUDE_IN_FRAMEWORK_HEADER = YES;
				CLANG_WARN_RANGE_LOOP_ANALYSIS = YES;
				CLANG_WARN_STRICT_PROTOTYPES = YES;
				CLANG_WARN_SUSPICIOUS_MOVE = YES;
				CLANG_WARN_UNGUARDED_AVAILABILITY = YES_AGGRESSIVE;
				CLANG_WARN_UNREACHABLE_CODE = YES;
				CLANG_WARN__DUPLICATE_METHOD_MATCH = YES;
				COPY_PHASE_STRIP = NO;
				DEBUG_INFORMATION_FORMAT = dwarf;
				ENABLE_STRICT_OBJC_MSGSEND = YES;
				ENABLE_TESTABILITY = YES;
				ENABLE_USER_SCRIPT_SANDBOXING = YES;
				GCC_C_LANGUAGE_STANDARD = gnu17;
				GCC_DYNAMIC_NO_PIC = NO;
				GCC_NO_COMMON_BLOCKS = YES;
				GCC_OPTIMIZATION_LEVEL = 0;
				GCC_PREPROCESSOR_DEFINITIONS = (
					"DEBUG=1",
					"$(inherited)",
				);
				GCC_WARN_64_TO_32_BIT_CONVERSION = YES;
				GCC_WARN_ABOUT_RETURN_TYPE = YES_ERROR;
				GCC_WARN_UNDECLARED_SELECTOR = YES;
				GCC_WARN_UNINITIALIZED_AUTOS = YES_AGGRESSIVE;
				GCC_WARN_UNUSED_FUNCTION = YES;
				GCC_WARN_UNUSED_VARIABLE = YES;
				LOCALIZATION_PREFERS_STRING_CATALOGS = YES;
				MACOSX_DEPLOYMENT_TARGET = 13.4;
				MTL_ENABLE_DEBUG_INFO = INCLUDE_SOURCE;
				MTL_FAST_MATH = YES;
				ONLY_ACTIVE_ARCH = YES;
				SDKROOT = macosx;
				SWIFT_ACTIVE_COMPILATION_CONDITIONS = "DEBUG $(inherited)";
				SWIFT_OPTIMIZATION_LEVEL = "-Onone";
			};
			name = Debug;
		};
		6B01C3F22AA0F31F00E193F3 /* Release */ = {
			isa = XCBuildConfiguration;
			buildSettings = {
				ALWAYS_SEARCH_USER_PATHS = NO;
				ASSETCATALOG_COMPILER_GENERATE_SWIFT_ASSET_SYMBOL_EXTENSIONS = YES;
				CLANG_ANALYZER_NONNULL = YES;
				CLANG_ANALYZER_NUMBER_OBJECT_CONVERSION = YES_AGGRESSIVE;
				CLANG_CXX_LANGUAGE_STANDARD = "gnu++20";
				CLANG_ENABLE_MODULES = YES;
				CLANG_ENABLE_OBJC_ARC = YES;
				CLANG_ENABLE_OBJC_WEAK = YES;
				CLANG_WARN_BLOCK_CAPTURE_AUTORELEASING = YES;
				CLANG_WARN_BOOL_CONVERSION = YES;
				CLANG_WARN_COMMA = YES;
				CLANG_WARN_CONSTANT_CONVERSION = YES;
				CLANG_WARN_DEPRECATED_OBJC_IMPLEMENTATIONS = YES;
				CLANG_WARN_DIRECT_OBJC_ISA_USAGE = YES_ERROR;
				CLANG_WARN_DOCUMENTATION_COMMENTS = YES;
				CLANG_WARN_EMPTY_BODY = YES;
				CLANG_WARN_ENUM_CONVERSION = YES;
				CLANG_WARN_INFINITE_RECURSION = YES;
				CLANG_WARN_INT_CONVERSION = YES;
				CLANG_WARN_NON_LITERAL_NULL_CONVERSION = YES;
				CLANG_WARN_OBJC_IMPLICIT_RETAIN_SELF = YES;
				CLANG_WARN_OBJC_LITERAL_CONVERSION = YES;
				CLANG_WARN_OBJC_ROOT_CLASS = YES_ERROR;
				CLANG_WARN_QUOTED_INCLUDE_IN_FRAMEWORK_HEADER = YES;
				CLANG_WARN_RANGE_LOOP_ANALYSIS = YES;
				CLANG_WARN_STRICT_PROTOTYPES = YES;
				CLANG_WARN_SUSPICIOUS_MOVE = YES;
				CLANG_WARN_UNGUARDED_AVAILABILITY = YES_AGGRESSIVE;
				CLANG_WARN_UNREACHABLE_CODE = YES;
				CLANG_WARN__DUPLICATE_METHOD_MATCH = YES;
				COPY_PHASE_STRIP = NO;
				DEBUG_INFORMATION_FORMAT = "dwarf-with-dsym";
				ENABLE_NS_ASSERTIONS = NO;
				ENABLE_STRICT_OBJC_MSGSEND = YES;
				ENABLE_USER_SCRIPT_SANDBOXING = YES;
				GCC_C_LANGUAGE_STANDARD = gnu17;
				GCC_NO_COMMON_BLOCKS = YES;
				GCC_WARN_64_TO_32_BIT_CONVERSION = YES;
				GCC_WARN_ABOUT_RETURN_TYPE = YES_ERROR;
				GCC_WARN_UNDECLARED_SELECTOR = YES;
				GCC_WARN_UNINITIALIZED_AUTOS = YES_AGGRESSIVE;
				GCC_WARN_UNUSED_FUNCTION = YES;
				GCC_WARN_UNUSED_VARIABLE = YES;
				LOCALIZATION_PREFERS_STRING_CATALOGS = YES;
				MACOSX_DEPLOYMENT_TARGET = 13.4;
				MTL_ENABLE_DEBUG_INFO = NO;
				MTL_FAST_MATH = YES;
				SDKROOT = macosx;
				SWIFT_COMPILATION_MODE = wholemodule;
			};
			name = Release;
		};
		6B01C3F42AA0F31F00E193F3 /* Debug */ = {
			isa = XCBuildConfiguration;
			buildSettings = {
				ASSETCATALOG_COMPILER_APPICON_NAME = AppIcon;
				ASSETCATALOG_COMPILER_GLOBAL_ACCENT_COLOR_NAME = AccentColor;
				CODE_SIGN_ENTITLEMENTS = iMine/iMine.entitlements;
				CODE_SIGN_STYLE = Automatic;
				COMBINE_HIDPI_IMAGES = YES;
				CURRENT_PROJECT_VERSION = 1;
				DEVELOPMENT_ASSET_PATHS = "\"iMine/Preview Content\"";
				DEVELOPMENT_TEAM = T29KHZ4M93;
				ENABLE_HARDENED_RUNTIME = YES;
				ENABLE_PREVIEWS = YES;
				GENERATE_INFOPLIST_FILE = YES;
				INFOPLIST_KEY_NSHumanReadableCopyright = "";
				LD_RUNPATH_SEARCH_PATHS = (
					"$(inherited)",
					"@executable_path/../Frameworks",
				);
				MACOSX_DEPLOYMENT_TARGET = 14.0;
				MARKETING_VERSION = 1.0;
				PRODUCT_BUNDLE_IDENTIFIER = com.rflens.iMine;
				PRODUCT_NAME = "$(TARGET_NAME)";
				SWIFT_EMIT_LOC_STRINGS = YES;
				SWIFT_VERSION = 5.0;
			};
			name = Debug;
		};
		6B01C3F52AA0F31F00E193F3 /* Release */ = {
			isa = XCBuildConfiguration;
			buildSettings = {
				ASSETCATALOG_COMPILER_APPICON_NAME = AppIcon;
				ASSETCATALOG_COMPILER_GLOBAL_ACCENT_COLOR_NAME = AccentColor;
				CODE_SIGN_ENTITLEMENTS = iMine/iMine.entitlements;
				CODE_SIGN_STYLE = Automatic;
				COMBINE_HIDPI_IMAGES = YES;
				CURRENT_PROJECT_VERSION = 1;
				DEVELOPMENT_ASSET_PATHS = "\"iMine/Preview Content\"";
				DEVELOPMENT_TEAM = T29KHZ4M93;
				ENABLE_HARDENED_RUNTIME = YES;
				ENABLE_PREVIEWS = YES;
				GENERATE_INFOPLIST_FILE = YES;
				INFOPLIST_KEY_NSHumanReadableCopyright = "";
				LD_RUNPATH_SEARCH_PATHS = (
					"$(inherited)",
					"@executable_path/../Frameworks",
				);
				MACOSX_DEPLOYMENT_TARGET = 14.0;
				MARKETING_VERSION = 1.0;
				PRODUCT_BUNDLE_IDENTIFIER = com.rflens.iMine;
				PRODUCT_NAME = "$(TARGET_NAME)";
				SWIFT_EMIT_LOC_STRINGS = YES;
				SWIFT_VERSION = 5.0;
			};
			name = Release;
		};
/* End XCBuildConfiguration section */

/* Begin XCConfigurationList section */
		6B01C3DF2AA0F31E00E193F3 /* Build configuration list for PBXProject "iMine" */ = {
			isa = XCConfigurationList;
			buildConfigurations = (
				6B01C3F12AA0F31F00E193F3 /* Debug */,
				6B01C3F22AA0F31F00E193F3 /* Release */,
			);
			defaultConfigurationIsVisible = 0;
			defaultConfigurationName = Release;
		};
		6B01C3F32AA0F31F00E193F3 /* Build configuration list for PBXNativeTarget "iMine" */ = {
			isa = XCConfigurationList;
			buildConfigurations = (
				6B01C3F42AA0F31F00E193F3 /* Debug */,
				6B01C3F52AA0F31F00E193F3 /* Release */,
			);
			defaultConfigurationIsVisible = 0;
			defaultConfigurationName = Release;
		};
/* End XCConfigurationList section */
	};
	rootObject = 6B01C3DC2AA0F31E00E193F3 /* Project object */;
}
